hash: 30d2409dbea257571d0eca026de50e3661e676c3b134869576e0c1f79e409fbb
updated: 2017-11-05T20:28:06.6476943+10:30
imports:
- name: github.com/ccding/go-stun
  version: 04a4eed61c57ecc9903f8983d1d2c17b88d2e9e1
  subpackages:
  - stun
- name: github.com/mattn/go-colorable
  version: 167de6bfdfba052fa6b2d3664c8f5272e23c9072
- name: github.com/mattn/go-isatty
  version: a5cdd64afdee435007ee3e9f6ed4684af949d568
- name: github.com/pkg/errors
  version: c605e284fe17294bda444b34710735b29d1a9d90
- name: github.com/Sirupsen/logrus
  version: 89742aefa4b206dcf400792f3bd35b542998eb3b
- name: github.com/streadway/amqp
  version: 2cbfe40c9341ad63ba23e53013b3ddc7989d801c
- name: golang.org/x/crypto
  version: eb71ad9bd329b5ac0fd0148dd99bd62e8be8e035
  subpackages:
  - ssh/terminal
- name: golang.org/x/sys
  version: 07c182904dbd53199946ba614a412c61d3c548f5
  subpackages:
  - unix
  - windows
testImports: []
